// !$*UTF8*$!
{
	archiveVersion = 1;
	classes = {
	};
	objectVersion = 56;
	objects = {

/* Begin PBXBuildFile section */
		24F857FE2F54F1D800F6A896 /* RevenueCat in Frameworks */ = {isa = PBXBuildFile; productRef = 24F857FD2F54F1D800F6A896 /* RevenueCat */; };
		24F858002F54F1D800F6A896 /* RevenueCatUI in Frameworks */ = {isa = PBXBuildFile; productRef = 24F857FF2F54F1D800F6A896 /* RevenueCatUI */; };
		A10001 /* WoodIdentifierApp.swift in Sources */ = {isa = PBXBuildFile; fileRef = B10001 /* WoodIdentifierApp.swift */; };
		A10002 /* ContentView.swift in Sources */ = {isa = PBXBuildFile; fileRef = B10002 /* ContentView.swift */; };
		A10003 /* CameraView.swift in Sources */ = {isa = PBXBuildFile; fileRef = B10003 /* CameraView.swift */; };
		A10004 /* ResultsView.swift in Sources */ = {isa = PBXBuildFile; fileRef = B10004 /* ResultsView.swift */; };
		A10005 /* WoodDatabaseView.swift in Sources */ = {isa = PBXBuildFile; fileRef = B10005 /* WoodDatabaseView.swift */; };
		A10006 /* ProjectTrackingView.swift in Sources */ = {isa = PBXBuildFile; fileRef = B10006 /* ProjectTrackingView.swift */; };
		A10007 /* SettingsView.swift in Sources */ = {isa = PBXBuildFile; fileRef = B10007 /* SettingsView.swift */; };
		A10008 /* WoodSpecies.swift in Sources */ = {isa = PBXBuildFile; fileRef = B10008 /* WoodSpecies.swift */; };
		A10009 /* WoodProject.swift in Sources */ = {isa = PBXBuildFile; fileRef = B10009 /* WoodProject.swift */; };
		A10010 /* WoodIdentificationService.swift in Sources */ = {isa = PBXBuildFile; fileRef = B10010 /* WoodIdentificationService.swift */; };
		A10011 /* Assets.xcassets in Resources */ = {isa = PBXBuildFile; fileRef = B10011 /* Assets.xcassets */; };
		A10012 /* Preview Assets.xcassets in Resources */ = {isa = PBXBuildFile; fileRef = B10012 /* Preview Assets.xcassets */; };
		A10020 /* WoodMatch.swift in Sources */ = {isa = PBXBuildFile; fileRef = B10020 /* WoodMatch.swift */; };
		A10021 /* CloudVisionService.swift in Sources */ = {isa = PBXBuildFile; fileRef = B10021 /* CloudVisionService.swift */; };
		A10022 /* CoreMLFallbackService.swift in Sources */ = {isa = PBXBuildFile; fileRef = B10022 /* CoreMLFallbackService.swift */; };
		A10023 /* ImageProcessor.swift in Sources */ = {isa = PBXBuildFile; fileRef = B10023 /* ImageProcessor.swift */; };
		A10024 /* CameraManager.swift in Sources */ = {isa = PBXBuildFile; fileRef = B10024 /* CameraManager.swift */; };
		A10025 /* ScanQuotaManager.swift in Sources */ = {isa = PBXBuildFile; fileRef = B10025 /* ScanQuotaManager.swift */; };
		A10026 /* NetworkMonitor.swift in Sources */ = {isa = PBXBuildFile; fileRef = B10026 /* NetworkMonitor.swift */; };
		A10027 /* ScanFeedbackStore.swift in Sources */ = {isa = PBXBuildFile; fileRef = B10027 /* ScanFeedbackStore.swift */; };
		A10030 /* WoodImage.swift in Sources */ = {isa = PBXBuildFile; fileRef = B10030 /* WoodImage.swift */; };
		A10031 /* WoodProperty.swift in Sources */ = {isa = PBXBuildFile; fileRef = B10031 /* WoodProperty.swift */; };
		A10032 /* PersistenceService.swift in Sources */ = {isa = PBXBuildFile; fileRef = B10032 /* PersistenceService.swift */; };
		A10040 /* ScanResult.swift in Sources */ = {isa = PBXBuildFile; fileRef = B10040 /* ScanResult.swift */; };
		A10041 /* CameraPermissionManager.swift in Sources */ = {isa = PBXBuildFile; fileRef = B10041 /* CameraPermissionManager.swift */; };
		A10050 /* SettingsViewModel.swift in Sources */ = {isa = PBXBuildFile; fileRef = B10050 /* SettingsViewModel.swift */; };
		A1B2C3D400000002 /* OnboardingView.swift in Sources */ = {isa = PBXBuildFile; fileRef = A1B2C3D400000001 /* OnboardingView.swift */; };
		A1B2C3D400000004 /* UserProfileSetupView.swift in Sources */ = {isa = PBXBuildFile; fileRef = A1B2C3D400000003 /* UserProfileSetupView.swift */; };
		A1B2C3D400000006 /* FirstScanTutorialView.swift in Sources */ = {isa = PBXBuildFile; fileRef = A1B2C3D400000005 /* FirstScanTutorialView.swift */; };
		B94A2EA0BC2248F18FD4941F /* SpeciesDetailView.swift in Sources */ = {isa = PBXBuildFile; fileRef = 8AFA0A7F82CA4541806D7107 /* SpeciesDetailView.swift */; };
		C20001 /* CameraPreviewView.swift in Sources */ = {isa = PBXBuildFile; fileRef = C20002 /* CameraPreviewView.swift */; };
		C20003 /* TreeRingLoadingView.swift in Sources */ = {isa = PBXBuildFile; fileRef = C20004 /* TreeRingLoadingView.swift */; };
		D30001 /* WoodCompareService.swift in Sources */ = {isa = PBXBuildFile; fileRef = D30002 /* WoodCompareService.swift */; };
		D30003 /* WoodSearchService.swift in Sources */ = {isa = PBXBuildFile; fileRef = D30004 /* WoodSearchService.swift */; };
		D30005 /* WoodSpeciesDatabaseService.swift in Sources */ = {isa = PBXBuildFile; fileRef = D30006 /* WoodSpeciesDatabaseService.swift */; };
		D30007 /* wood_species.json in Resources */ = {isa = PBXBuildFile; fileRef = D30008 /* wood_species.json */; };
		E20001 /* BrowseViewModel.swift in Sources */ = {isa = PBXBuildFile; fileRef = E20002 /* BrowseViewModel.swift */; };
		E20003 /* FilterChipsView.swift in Sources */ = {isa = PBXBuildFile; fileRef = E20004 /* FilterChipsView.swift */; };
		E20005 /* SpeciesGridCard.swift in Sources */ = {isa = PBXBuildFile; fileRef = E20006 /* SpeciesGridCard.swift */; };
		E20007 /* JankaScaleView.swift in Sources */ = {isa = PBXBuildFile; fileRef = E20008 /* JankaScaleView.swift */; };
		E20009 /* CompareView.swift in Sources */ = {isa = PBXBuildFile; fileRef = E20010 /* CompareView.swift */; };
		E20011 /* BestWoodForView.swift in Sources */ = {isa = PBXBuildFile; fileRef = E20012 /* BestWoodForView.swift */; };
		E20013 /* WoodOfTheDayCard.swift in Sources */ = {isa = PBXBuildFile; fileRef = E20014 /* WoodOfTheDayCard.swift */; };
		F50001 /* CollectionItem.swift in Sources */ = {isa = PBXBuildFile; fileRef = F50002 /* CollectionItem.swift */; };
		F50003 /* ScanHistoryView.swift in Sources */ = {isa = PBXBuildFile; fileRef = F50004 /* ScanHistoryView.swift */; };
		F50005 /* ScanDetailSheet.swift in Sources */ = {isa = PBXBuildFile; fileRef = F50006 /* ScanDetailSheet.swift */; };
		F50007 /* AddToCollectionSheet.swift in Sources */ = {isa = PBXBuildFile; fileRef = F50008 /* AddToCollectionSheet.swift */; };
		F50009 /* CollectionItemRow.swift in Sources */ = {isa = PBXBuildFile; fileRef = F50010 /* CollectionItemRow.swift */; };
		SUB001B /* SubscriptionManager.swift in Sources */ = {isa = PBXBuildFile; fileRef = SUB001 /* SubscriptionManager.swift */; };
		SUB002B /* ReviewPromptManager.swift in Sources */ = {isa = PBXBuildFile; fileRef = SUB002 /* ReviewPromptManager.swift */; };
		SUB003B /* PaywallView.swift in Sources */ = {isa = PBXBuildFile; fileRef = SUB003 /* PaywallView.swift */; };
/* End PBXBuildFile section */

/* Begin PBXFileReference section */
		8AFA0A7F82CA4541806D7107 /* SpeciesDetailView.swift */ = {isa = PBXFileReference; lastKnownFileType = sourcecode.swift; path = SpeciesDetailView.swift; sourceTree = "<group>"; };
		A1B2C3D400000001 /* OnboardingView.swift */ = {isa = PBXFileReference; lastKnownFileType = sourcecode.swift; path = OnboardingView.swift; sourceTree = "<group>"; };
		A1B2C3D400000003 /* UserProfileSetupView.swift */ = {isa = PBXFileReference; lastKnownFileType = sourcecode.swift; path = UserProfileSetupView.swift; sourceTree = "<group>"; };
		A1B2C3D400000005 /* FirstScanTutorialView.swift */ = {isa = PBXFileReference; lastKnownFileType = sourcecode.swift; path = FirstScanTutorialView.swift; sourceTree = "<group>"; };
		B10001 /* WoodIdentifierApp.swift */ = {isa = PBXFileReference; lastKnownFileType = sourcecode.swift; path = WoodIdentifierApp.swift; sourceTree = "<group>"; };
		B10002 /* ContentView.swift */ = {isa = PBXFileReference; lastKnownFileType = sourcecode.swift; path = ContentView.swift; sourceTree = "<group>"; };
		B10003 /* CameraView.swift */ = {isa = PBXFileReference; lastKnownFileType = sourcecode.swift; path = CameraView.swift; sourceTree = "<group>"; };
		B10004 /* ResultsView.swift */ = {isa = PBXFileReference; lastKnownFileType = sourcecode.swift; path = ResultsView.swift; sourceTree = "<group>"; };
		B10005 /* WoodDatabaseView.swift */ = {isa = PBXFileReference; lastKnownFileType = sourcecode.swift; path = WoodDatabaseView.swift; sourceTree = "<group>"; };
		B10006 /* ProjectTrackingView.swift */ = {isa = PBXFileReference; lastKnownFileType = sourcecode.swift; path = ProjectTrackingView.swift; sourceTree = "<group>"; };
		B10007 /* SettingsView.swift */ = {isa = PBXFileReference; lastKnownFileType = sourcecode.swift; path = SettingsView.swift; sourceTree = "<group>"; };
		B10008 /* WoodSpecies.swift */ = {isa = PBXFileReference; lastKnownFileType = sourcecode.swift; path = WoodSpecies.swift; sourceTree = "<group>"; };
		B10009 /* WoodProject.swift */ = {isa = PBXFileReference; lastKnownFileType = sourcecode.swift; path = WoodProject.swift; sourceTree = "<group>"; };
		B10010 /* WoodIdentificationService.swift */ = {isa = PBXFileReference; lastKnownFileType = sourcecode.swift; path = WoodIdentificationService.swift; sourceTree = "<group>"; };
		B10011 /* Assets.xcassets */ = {isa = PBXFileReference; lastKnownFileType = folder.assetcatalog; path = Assets.xcassets; sourceTree = "<group>"; };
		B10012 /* Preview Assets.xcassets */ = {isa = PBXFileReference; lastKnownFileType = folder.assetcatalog; path = "Preview Assets.xcassets"; sourceTree = "<group>"; };
		B10020 /* WoodMatch.swift */ = {isa = PBXFileReference; lastKnownFileType = sourcecode.swift; path = WoodMatch.swift; sourceTree = "<group>"; };
		B10021 /* CloudVisionService.swift */ = {isa = PBXFileReference; lastKnownFileType = sourcecode.swift; path = CloudVisionService.swift; sourceTree = "<group>"; };
		B10022 /* CoreMLFallbackService.swift */ = {isa = PBXFileReference; lastKnownFileType = sourcecode.swift; path = CoreMLFallbackService.swift; sourceTree = "<group>"; };
		B10023 /* ImageProcessor.swift */ = {isa = PBXFileReference; lastKnownFileType = sourcecode.swift; path = ImageProcessor.swift; sourceTree = "<group>"; };
		B10024 /* CameraManager.swift */ = {isa = PBXFileReference; lastKnownFileType = sourcecode.swift; path = CameraManager.swift; sourceTree = "<group>"; };
		B10025 /* ScanQuotaManager.swift */ = {isa = PBXFileReference; lastKnownFileType = sourcecode.swift; path = ScanQuotaManager.swift; sourceTree = "<group>"; };
		B10026 /* NetworkMonitor.swift */ = {isa = PBXFileReference; lastKnownFileType = sourcecode.swift; path = NetworkMonitor.swift; sourceTree = "<group>"; };
		B10027 /* ScanFeedbackStore.swift */ = {isa = PBXFileReference; lastKnownFileType = sourcecode.swift; path = ScanFeedbackStore.swift; sourceTree = "<group>"; };
		B10030 /* WoodImage.swift */ = {isa = PBXFileReference; lastKnownFileType = sourcecode.swift; path = WoodImage.swift; sourceTree = "<group>"; };
		B10031 /* WoodProperty.swift */ = {isa = PBXFileReference; lastKnownFileType = sourcecode.swift; path = WoodProperty.swift; sourceTree = "<group>"; };
		B10032 /* PersistenceService.swift */ = {isa = PBXFileReference; lastKnownFileType = sourcecode.swift; path = PersistenceService.swift; sourceTree = "<group>"; };
		B10040 /* ScanResult.swift */ = {isa = PBXFileReference; lastKnownFileType = sourcecode.swift; path = ScanResult.swift; sourceTree = "<group>"; };
		B10041 /* CameraPermissionManager.swift */ = {isa = PBXFileReference; lastKnownFileType = sourcecode.swift; path = CameraPermissionManager.swift; sourceTree = "<group>"; };
		B10050 /* SettingsViewModel.swift */ = {isa = PBXFileReference; lastKnownFileType = sourcecode.swift; path = SettingsViewModel.swift; sourceTree = "<group>"; };
		C10001 /* WoodIdentifier.app */ = {isa = PBXFileReference; explicitFileType = wrapper.application; includeInIndex = 0; path = WoodIdentifier.app; sourceTree = BUILT_PRODUCTS_DIR; };
		C20002 /* CameraPreviewView.swift */ = {isa = PBXFileReference; lastKnownFileType = sourcecode.swift; path = CameraPreviewView.swift; sourceTree = "<group>"; };
		C20004 /* TreeRingLoadingView.swift */ = {isa = PBXFileReference; lastKnownFileType = sourcecode.swift; path = TreeRingLoadingView.swift; sourceTree = "<group>"; };
		D30002 /* WoodCompareService.swift */ = {isa = PBXFileReference; lastKnownFileType = sourcecode.swift; path = WoodCompareService.swift; sourceTree = "<group>"; };
		D30004 /* WoodSearchService.swift */ = {isa = PBXFileReference; lastKnownFileType = sourcecode.swift; path = WoodSearchService.swift; sourceTree = "<group>"; };
		D30006 /* WoodSpeciesDatabaseService.swift */ = {isa = PBXFileReference; lastKnownFileType = sourcecode.swift; path = WoodSpeciesDatabaseService.swift; sourceTree = "<group>"; };
		D30008 /* wood_species.json */ = {isa = PBXFileReference; lastKnownFileType = text.json; path = wood_species.json; sourceTree = "<group>"; };
		E20002 /* BrowseViewModel.swift */ = {isa = PBXFileReference; lastKnownFileType = sourcecode.swift; path = BrowseViewModel.swift; sourceTree = "<group>"; };
		E20004 /* FilterChipsView.swift */ = {isa = PBXFileReference; lastKnownFileType = sourcecode.swift; path = FilterChipsView.swift; sourceTree = "<group>"; };
		E20006 /* SpeciesGridCard.swift */ = {isa = PBXFileReference; lastKnownFileType = sourcecode.swift; path = SpeciesGridCard.swift; sourceTree = "<group>"; };
		E20008 /* JankaScaleView.swift */ = {isa = PBXFileReference; lastKnownFileType = sourcecode.swift; path = JankaScaleView.swift; sourceTree = "<group>"; };
		E20010 /* CompareView.swift */ = {isa = PBXFileReference; lastKnownFileType = sourcecode.swift; path = CompareView.swift; sourceTree = "<group>"; };
		E20012 /* BestWoodForView.swift */ = {isa = PBXFileReference; lastKnownFileType = sourcecode.swift; path = BestWoodForView.swift; sourceTree = "<group>"; };
		E20014 /* WoodOfTheDayCard.swift */ = {isa = PBXFileReference; lastKnownFileType = sourcecode.swift; path = WoodOfTheDayCard.swift; sourceTree = "<group>"; };
		F50002 /* CollectionItem.swift */ = {isa = PBXFileReference; lastKnownFileType = sourcecode.swift; path = CollectionItem.swift; sourceTree = "<group>"; };
		F50004 /* ScanHistoryView.swift */ = {isa = PBXFileReference; lastKnownFileType = sourcecode.swift; path = ScanHistoryView.swift; sourceTree = "<group>"; };
		F50006 /* ScanDetailSheet.swift */ = {isa = PBXFileReference; lastKnownFileType = sourcecode.swift; path = ScanDetailSheet.swift; sourceTree = "<group>"; };
		F50008 /* AddToCollectionSheet.swift */ = {isa = PBXFileReference; lastKnownFileType = sourcecode.swift; path = AddToCollectionSheet.swift; sourceTree = "<group>"; };
		F50010 /* CollectionItemRow.swift */ = {isa = PBXFileReference; lastKnownFileType = sourcecode.swift; path = CollectionItemRow.swift; sourceTree = "<group>"; };
		SUB001 /* SubscriptionManager.swift */ = {isa = PBXFileReference; lastKnownFileType = sourcecode.swift; path = SubscriptionManager.swift; sourceTree = "<group>"; };
		SUB002 /* ReviewPromptManager.swift */ = {isa = PBXFileReference; lastKnownFileType = sourcecode.swift; path = ReviewPromptManager.swift; sourceTree = "<group>"; };
		SUB003 /* PaywallView.swift */ = {isa = PBXFileReference; lastKnownFileType = sourcecode.swift; path = PaywallView.swift; sourceTree = "<group>"; };
		SUB005 /* WoodSnapProducts.storekit */ = {isa = PBXFileReference; lastKnownFileType = text; path = WoodSnapProducts.storekit; sourceTree = "<group>"; };
/* End PBXFileReference section */

/* Begin PBXFrameworksBuildPhase section */
		D10001 /* Frameworks */ = {
			isa = PBXFrameworksBuildPhase;
			buildActionMask = 2147483647;
			files = (
				24F858002F54F1D800F6A896 /* RevenueCatUI in Frameworks */,
				24F857FE2F54F1D800F6A896 /* RevenueCat in Frameworks */,
			);
			runOnlyForDeploymentPostprocessing = 0;
		};
/* End PBXFrameworksBuildPhase section */

/* Begin PBXGroup section */
		489DEA969BE146A587C1AB3F /* SpeciesDetail */ = {
			isa = PBXGroup;
			children = (
				8AFA0A7F82CA4541806D7107 /* SpeciesDetailView.swift */,
			);
			path = SpeciesDetail;
			sourceTree = "<group>";
		};
		A1B2C3D400000007 /* Onboarding */ = {
			isa = PBXGroup;
			children = (
				A1B2C3D400000001 /* OnboardingView.swift */,
				A1B2C3D400000003 /* UserProfileSetupView.swift */,
				A1B2C3D400000005 /* FirstScanTutorialView.swift */,
			);
			path = Onboarding;
			sourceTree = "<group>";
		};
		E10001 = {
			isa = PBXGroup;
			children = (
				E10002 /* WoodIdentifier */,
				E10099 /* Products */,
			);
			sourceTree = "<group>";
		};
		E10002 /* WoodIdentifier */ = {
			isa = PBXGroup;
			children = (
				E10003 /* App */,
				E10004 /* Views */,
				E10010 /* Models */,
				E10011 /* Services */,
				SUB005 /* WoodSnapProducts.storekit */,
				E10013 /* Resources */,
				B10011 /* Assets.xcassets */,
				E10012 /* Preview Content */,
			);
			path = WoodIdentifier;
			sourceTree = "<group>";
		};
		E10003 /* App */ = {
			isa = PBXGroup;
			children = (
				B10001 /* WoodIdentifierApp.swift */,
				B10002 /* ContentView.swift */,
			);
			path = App;
			sourceTree = "<group>";
		};
		E10004 /* Views */ = {
			isa = PBXGroup;
			children = (
				F50011 /* History */,
				489DEA969BE146A587C1AB3F /* SpeciesDetail */,
				A1B2C3D400000007 /* Onboarding */,
				E10005 /* Camera */,
				E10006 /* Results */,
				E10007 /* Database */,
				E10008 /* Projects */,
				E10009 /* Settings */,
				SUB004 /* Paywall */,
			);
			path = Views;
			sourceTree = "<group>";
		};
		E10005 /* Camera */ = {
			isa = PBXGroup;
			children = (
				B10003 /* CameraView.swift */,
				C20002 /* CameraPreviewView.swift */,
				C20004 /* TreeRingLoadingView.swift */,
			);
			path = Camera;
			sourceTree = "<group>";
		};
		E10006 /* Results */ = {
			isa = PBXGroup;
			children = (
				B10004 /* ResultsView.swift */,
			);
			path = Results;
			sourceTree = "<group>";
		};
		E10007 /* Database */ = {
			isa = PBXGroup;
			children = (
				B10005 /* WoodDatabaseView.swift */,
				E20002 /* BrowseViewModel.swift */,
				E20004 /* FilterChipsView.swift */,
				E20006 /* SpeciesGridCard.swift */,
				E20008 /* JankaScaleView.swift */,
				E20010 /* CompareView.swift */,
				E20012 /* BestWoodForView.swift */,
				E20014 /* WoodOfTheDayCard.swift */,
			);
			path = Database;
			sourceTree = "<group>";
		};
		E10008 /* Projects */ = {
			isa = PBXGroup;
			children = (
				B10006 /* ProjectTrackingView.swift */,
			);
			path = Projects;
			sourceTree = "<group>";
		};
		E10009 /* Settings */ = {
			isa = PBXGroup;
			children = (
				B10007 /* SettingsView.swift */,
				B10050 /* SettingsViewModel.swift */,
			);
			path = Settings;
			sourceTree = "<group>";
		};
		E10010 /* Models */ = {
			isa = PBXGroup;
			children = (
				B10008 /* WoodSpecies.swift */,
				B10020 /* WoodMatch.swift */,
				B10030 /* WoodImage.swift */,
				B10031 /* WoodProperty.swift */,
				B10009 /* WoodProject.swift */,
				B10040 /* ScanResult.swift */,
				F50002 /* CollectionItem.swift */,
			);
			path = Models;
			sourceTree = "<group>";
		};
		E10011 /* Services */ = {
			isa = PBXGroup;
			children = (
				B10010 /* WoodIdentificationService.swift */,
				B10021 /* CloudVisionService.swift */,
				B10022 /* CoreMLFallbackService.swift */,
				B10023 /* ImageProcessor.swift */,
				B10024 /* CameraManager.swift */,
				B10025 /* ScanQuotaManager.swift */,
				B10026 /* NetworkMonitor.swift */,
				B10027 /* ScanFeedbackStore.swift */,
				B10032 /* PersistenceService.swift */,
				B10041 /* CameraPermissionManager.swift */,
				D30002 /* WoodCompareService.swift */,
				D30004 /* WoodSearchService.swift */,
				D30006 /* WoodSpeciesDatabaseService.swift */,
				SUB001 /* SubscriptionManager.swift */,
				SUB002 /* ReviewPromptManager.swift */,
			);
			path = Services;
			sourceTree = "<group>";
		};
		E10012 /* Preview Content */ = {
			isa = PBXGroup;
			children = (
				B10012 /* Preview Assets.xcassets */,
			);
			path = "Preview Content";
			sourceTree = "<group>";
		};
		E10013 /* Resources */ = {
			isa = PBXGroup;
			children = (
				D30008 /* wood_species.json */,
			);
			path = Resources;
			sourceTree = "<group>";
		};
		E10099 /* Products */ = {
			isa = PBXGroup;
			children = (
				C10001 /* WoodIdentifier.app */,
			);
			name = Products;
			sourceTree = "<group>";
		};
		F50011 /* History */ = {
			isa = PBXGroup;
			children = (
				F50004 /* ScanHistoryView.swift */,
				F50006 /* ScanDetailSheet.swift */,
				F50008 /* AddToCollectionSheet.swift */,
				F50010 /* CollectionItemRow.swift */,
			);
			path = History;
			sourceTree = "<group>";
		};
		SUB004 /* Paywall */ = {
			isa = PBXGroup;
			children = (
				SUB003 /* PaywallView.swift */,
			);
			path = Paywall;
			sourceTree = "<group>";
		};
/* End PBXGroup section */

/* Begin PBXNativeTarget section */
		F10001 /* WoodIdentifier */ = {
			isa = PBXNativeTarget;
			buildConfigurationList = G10003 /* Build configuration list for PBXNativeTarget "WoodIdentifier" */;
			buildPhases = (
				F10002 /* Sources */,
				D10001 /* Frameworks */,
				F10003 /* Resources */,
			);
			buildRules = (
			);
			dependencies = (
			);
			name = WoodIdentifier;
			productName = WoodIdentifier;
			productReference = C10001 /* WoodIdentifier.app */;
			productType = "com.apple.product-type.application";
		};
/* End PBXNativeTarget section */

/* Begin PBXProject section */
		H10001 /* Project object */ = {
			isa = PBXProject;
			attributes = {
				BuildIndependentTargetsInParallel = 1;
				LastSwiftUpdateCheck = 1520;
				LastUpgradeCheck = 1520;
				TargetAttributes = {
					F10001 = {
						CreatedOnToolsVersion = 15.2;
					};
				};
			};
			buildConfigurationList = G10001 /* Build configuration list for PBXProject "WoodIdentifier" */;
			compatibilityVersion = "Xcode 14.0";
			developmentRegion = en;
			hasScannedForEncodings = 0;
			knownRegions = (
				en,
				Base,
			);
			mainGroup = E10001;
			packageReferences = (
				24F857FC2F54F1D800F6A896 /* XCRemoteSwiftPackageReference "purchases-ios-spm" */,
			);
			productRefGroup = E10099 /* Products */;
			projectDirPath = "";
			projectRoot = "";
			targets = (
				F10001 /* WoodIdentifier */,
			);
		};
/* End PBXProject section */

/* Begin PBXResourcesBuildPhase section */
		F10003 /* Resources */ = {
			isa = PBXResourcesBuildPhase;
			buildActionMask = 2147483647;
			files = (
				D30007 /* wood_species.json in Resources */,
				A10011 /* Assets.xcassets in Resources */,
				A10012 /* Preview Assets.xcassets in Resources */,
			);
			runOnlyForDeploymentPostprocessing = 0;
		};
/* End PBXResourcesBuildPhase section */

/* Begin PBXSourcesBuildPhase section */
		F10002 /* Sources */ = {
			isa = PBXSourcesBuildPhase;
			buildActionMask = 2147483647;
			files = (
				SUB001B /* SubscriptionManager.swift in Sources */,
				SUB002B /* ReviewPromptManager.swift in Sources */,
				SUB003B /* PaywallView.swift in Sources */,
				A10001 /* WoodIdentifierApp.swift in Sources */,
				A10002 /* ContentView.swift in Sources */,
				A10003 /* CameraView.swift in Sources */,
				C20001 /* CameraPreviewView.swift in Sources */,
				C20003 /* TreeRingLoadingView.swift in Sources */,
				A10004 /* ResultsView.swift in Sources */,
				A10005 /* WoodDatabaseView.swift in Sources */,
				A10006 /* ProjectTrackingView.swift in Sources */,
				A10007 /* SettingsView.swift in Sources */,
				A10050 /* SettingsViewModel.swift in Sources */,
				A10008 /* WoodSpecies.swift in Sources */,
				A10009 /* WoodProject.swift in Sources */,
				A1B2C3D400000002 /* OnboardingView.swift in Sources */,
				A1B2C3D400000004 /* UserProfileSetupView.swift in Sources */,
				A1B2C3D400000006 /* FirstScanTutorialView.swift in Sources */,
				A10010 /* WoodIdentificationService.swift in Sources */,
				A10030 /* WoodImage.swift in Sources */,
				A10031 /* WoodProperty.swift in Sources */,
				A10032 /* PersistenceService.swift in Sources */,
				A10020 /* WoodMatch.swift in Sources */,
				A10021 /* CloudVisionService.swift in Sources */,
				A10022 /* CoreMLFallbackService.swift in Sources */,
				A10023 /* ImageProcessor.swift in Sources */,
				A10024 /* CameraManager.swift in Sources */,
				A10025 /* ScanQuotaManager.swift in Sources */,
				A10026 /* NetworkMonitor.swift in Sources */,
				A10027 /* ScanFeedbackStore.swift in Sources */,
				A10040 /* ScanResult.swift in Sources */,
				A10041 /* CameraPermissionManager.swift in Sources */,
				B94A2EA0BC2248F18FD4941F /* SpeciesDetailView.swift in Sources */,
				D30001 /* WoodCompareService.swift in Sources */,
				D30003 /* WoodSearchService.swift in Sources */,
				D30005 /* WoodSpeciesDatabaseService.swift in Sources */,
				E20001 /* BrowseViewModel.swift in Sources */,
				E20003 /* FilterChipsView.swift in Sources */,
				E20005 /* SpeciesGridCard.swift in Sources */,
				E20007 /* JankaScaleView.swift in Sources */,
				E20009 /* CompareView.swift in Sources */,
				E20011 /* BestWoodForView.swift in Sources */,
				E20013 /* WoodOfTheDayCard.swift in Sources */,
				F50001 /* CollectionItem.swift in Sources */,
				F50003 /* ScanHistoryView.swift in Sources */,
				F50005 /* ScanDetailSheet.swift in Sources */,
				F50007 /* AddToCollectionSheet.swift in Sources */,
				F50009 /* CollectionItemRow.swift in Sources */,
			);
			runOnlyForDeploymentPostprocessing = 0;
		};
/* End PBXSourcesBuildPhase section */

/* Begin XCBuildConfiguration section */
		G10004 /* Debug */ = {
			isa = XCBuildConfiguration;
			buildSettings = {
				ALWAYS_SEARCH_USER_PATHS = NO;
				ASSETCATALOG_COMPILER_GENERATE_SWIFT_ASSET_SYMBOL_EXTENSIONS = YES;
				CLANG_ANALYZER_NONNULL = YES;
				CLANG_CXX_LANGUAGE_STANDARD = "gnu++20";
				CLANG_ENABLE_MODULES = YES;
				CLANG_ENABLE_OBJC_ARC = YES;
				COPY_PHASE_STRIP = NO;
				DEBUG_INFORMATION_FORMAT = dwarf;
				ENABLE_STRICT_OBJC_MSGSEND = YES;
				ENABLE_TESTABILITY = YES;
				ENABLE_USER_SCRIPT_SANDBOXING = YES;
				GCC_C_LANGUAGE_STANDARD = gnu17;
				GCC_DYNAMIC_NO_PIC = NO;
				GCC_NO_COMMON_BLOCKS = YES;
				GCC_OPTIMIZATION_LEVEL = 0;
				GCC_PREPROCESSOR_DEFINITIONS = (
					"DEBUG=1",
					"$(inherited)",
				);
				GCC_WARN_ABOUT_RETURN_TYPE = YES_ERROR;
				GCC_WARN_UNINITIALIZED_AUTOS = YES_AGGRESSIVE;
				IPHONEOS_DEPLOYMENT_TARGET = 17.0;
				MTL_ENABLE_DEBUG_INFO = INCLUDE_SOURCE;
				MTL_FAST_MATH = YES;
				ONLY_ACTIVE_ARCH = YES;
				SDKROOT = iphoneos;
				SWIFT_ACTIVE_COMPILATION_CONDITIONS = "DEBUG $(inherited)";
				SWIFT_OPTIMIZATION_LEVEL = "-Onone";
			};
			name = Debug;
		};
		G10005 /* Release */ = {
			isa = XCBuildConfiguration;
			buildSettings = {
				ALWAYS_SEARCH_USER_PATHS = NO;
				ASSETCATALOG_COMPILER_GENERATE_SWIFT_ASSET_SYMBOL_EXTENSIONS = YES;
				CLANG_ANALYZER_NONNULL = YES;
				CLANG_CXX_LANGUAGE_STANDARD = "gnu++20";
				CLANG_ENABLE_MODULES = YES;
				CLANG_ENABLE_OBJC_ARC = YES;
				COPY_PHASE_STRIP = NO;
				DEBUG_INFORMATION_FORMAT = "dwarf-with-dsym";
				ENABLE_NS_ASSERTIONS = NO;
				ENABLE_STRICT_OBJC_MSGSEND = YES;
				ENABLE_USER_SCRIPT_SANDBOXING = YES;
				GCC_C_LANGUAGE_STANDARD = gnu17;
				GCC_NO_COMMON_BLOCKS = YES;
				GCC_WARN_ABOUT_RETURN_TYPE = YES_ERROR;
				GCC_WARN_UNINITIALIZED_AUTOS = YES_AGGRESSIVE;
				IPHONEOS_DEPLOYMENT_TARGET = 17.0;
				MTL_ENABLE_DEBUG_INFO = NO;
				MTL_FAST_MATH = YES;
				SDKROOT = iphoneos;
				SWIFT_COMPILATION_MODE = wholemodule;
				VALIDATE_PRODUCT = YES;
			};
			name = Release;
		};
		G10006 /* Debug */ = {
			isa = XCBuildConfiguration;
			buildSettings = {
				ASSETCATALOG_COMPILER_APPICON_NAME = AppIcon;
				ASSETCATALOG_COMPILER_GLOBAL_ACCENT_COLOR_NAME = AccentColor;
				CODE_SIGN_STYLE = Automatic;
				CURRENT_PROJECT_VERSION = 1;
				DEVELOPMENT_ASSET_PATHS = "\"WoodIdentifier/Preview Content\"";
				DEVELOPMENT_TEAM = 62R87RHN6R;
				ENABLE_PREVIEWS = YES;
				GENERATE_INFOPLIST_FILE = YES;
				INFOPLIST_KEY_CFBundleDisplayName = "Wood Identifier";
				INFOPLIST_KEY_NSCameraUsageDescription = "Wood Identifier needs camera access to photograph wood for identification.";
				INFOPLIST_KEY_NSPhotoLibraryUsageDescription = "Wood Identifier needs photo library access to select wood photos for identification.";
				INFOPLIST_KEY_UIApplicationSceneManifest_Generation = YES;
				INFOPLIST_KEY_UIApplicationSupportsIndirectInputEvents = YES;
				INFOPLIST_KEY_UILaunchScreen_Generation = YES;
				INFOPLIST_KEY_UISupportedInterfaceOrientations_iPad = "UIInterfaceOrientationPortrait UIInterfaceOrientationPortraitUpsideDown UIInterfaceOrientationLandscapeLeft UIInterfaceOrientationLandscapeRight";
				INFOPLIST_KEY_UISupportedInterfaceOrientations_iPhone = "UIInterfaceOrientationPortrait UIInterfaceOrientationLandscapeLeft UIInterfaceOrientationLandscapeRight";
				MARKETING_VERSION = 1.0.0;
				PRODUCT_BUNDLE_IDENTIFIER = com.chadnewbry.WoodIdentifier;
				PRODUCT_NAME = "$(TARGET_NAME)";
				SWIFT_EMIT_LOC_STRINGS = YES;
				SWIFT_VERSION = 5.0;
				TARGETED_DEVICE_FAMILY = "1,2";
			};
			name = Debug;
		};
		G10007 /* Release */ = {
			isa = XCBuildConfiguration;
			buildSettings = {
				ASSETCATALOG_COMPILER_APPICON_NAME = AppIcon;
				ASSETCATALOG_COMPILER_GLOBAL_ACCENT_COLOR_NAME = AccentColor;
				CODE_SIGN_STYLE = Automatic;
				CURRENT_PROJECT_VERSION = 1;
				DEVELOPMENT_ASSET_PATHS = "\"WoodIdentifier/Preview Content\"";
				DEVELOPMENT_TEAM = 62R87RHN6R;
				ENABLE_PREVIEWS = YES;
				GENERATE_INFOPLIST_FILE = YES;
				INFOPLIST_KEY_CFBundleDisplayName = "Wood Identifier";
				INFOPLIST_KEY_NSCameraUsageDescription = "Wood Identifier needs camera access to photograph wood for identification.";
				INFOPLIST_KEY_NSPhotoLibraryUsageDescription = "Wood Identifier needs photo library access to select wood photos for identification.";
				INFOPLIST_KEY_UIApplicationSceneManifest_Generation = YES;
				INFOPLIST_KEY_UIApplicationSupportsIndirectInputEvents = YES;
				INFOPLIST_KEY_UILaunchScreen_Generation = YES;
				INFOPLIST_KEY_UISupportedInterfaceOrientations_iPad = "UIInterfaceOrientationPortrait UIInterfaceOrientationPortraitUpsideDown UIInterfaceOrientationLandscapeLeft UIInterfaceOrientationLandscapeRight";
				INFOPLIST_KEY_UISupportedInterfaceOrientations_iPhone = "UIInterfaceOrientationPortrait UIInterfaceOrientationLandscapeLeft UIInterfaceOrientationLandscapeRight";
				MARKETING_VERSION = 1.0.0;
				PRODUCT_BUNDLE_IDENTIFIER = com.chadnewbry.WoodIdentifier;
				PRODUCT_NAME = "$(TARGET_NAME)";
				SWIFT_EMIT_LOC_STRINGS = YES;
				SWIFT_VERSION = 5.0;
				TARGETED_DEVICE_FAMILY = "1,2";
			};
			name = Release;
		};
/* End XCBuildConfiguration section */

/* Begin XCConfigurationList section */
		G10001 /* Build configuration list for PBXProject "WoodIdentifier" */ = {
			isa = XCConfigurationList;
			buildConfigurations = (
				G10004 /* Debug */,
				G10005 /* Release */,
			);
			defaultConfigurationIsVisible = 0;
			defaultConfigurationName = Release;
		};
		G10003 /* Build configuration list for PBXNativeTarget "WoodIdentifier" */ = {
			isa = XCConfigurationList;
			buildConfigurations = (
				G10006 /* Debug */,
				G10007 /* Release */,
			);
			defaultConfigurationIsVisible = 0;
			defaultConfigurationName = Release;
		};
/* End XCConfigurationList section */

/* Begin XCRemoteSwiftPackageReference section */
		24F857FC2F54F1D800F6A896 /* XCRemoteSwiftPackageReference "purchases-ios-spm" */ = {
			isa = XCRemoteSwiftPackageReference;
			repositoryURL = "https://github.com/RevenueCat/purchases-ios-spm.git";
			requirement = {
				kind = upToNextMajorVersion;
				minimumVersion = 5.60.0;
			};
		};
/* End XCRemoteSwiftPackageReference section */

/* Begin XCSwiftPackageProductDependency section */
		24F857FD2F54F1D800F6A896 /* RevenueCat */ = {
			isa = XCSwiftPackageProductDependency;
			package = 24F857FC2F54F1D800F6A896 /* XCRemoteSwiftPackageReference "purchases-ios-spm" */;
			productName = RevenueCat;
		};
		24F857FF2F54F1D800F6A896 /* RevenueCatUI */ = {
			isa = XCSwiftPackageProductDependency;
			package = 24F857FC2F54F1D800F6A896 /* XCRemoteSwiftPackageReference "purchases-ios-spm" */;
			productName = RevenueCatUI;
		};
/* End XCSwiftPackageProductDependency section */
	};
	rootObject = H10001 /* Project object */;
}
